
Microsoft Visual Studio Solution File, Format Version 12.00
# Visual Studio 14
VisualStudioVersion = 14.0.23107.0
MinimumVisualStudioVersion = 10.0.40219.1
Project("{FAE04EC0-301F-11D3-BF4B-00C04F79EFBC}") = "PrimaryHaul_WS", "PrimaryHaul_WS\PrimaryHaul_WS.csproj", "{B7765687-712B-45D4-A389-4864AC58E8F1}"
EndProject
Project("{FAE04EC0-301F-11D3-BF4B-00C04F79EFBC}") = "PrimaryHaul_WSFlow", "PrimaryHaul_WSFlow\PrimaryHaul_WSFlow.csproj", "{9CEA619E-5E2D-491F-B13C-B436C6246982}"
EndProject
Project("{FAE04EC0-301F-11D3-BF4B-00C04F79EFBC}") = "PrimaryHaul.WebUI", "PrimaryHaul.WebUI\PrimaryHaul.WebUI.csproj", "{4BA88026-2310-49AC-8CDA-4C5FB609EA09}"
EndProject
Global
	GlobalSection(SolutionConfigurationPlatforms) = preSolution
		Debug|Any CPU = Debug|Any CPU
		Debug|x86 = Debug|x86
		Release|Any CPU = Release|Any CPU
		Release|x86 = Release|x86
	EndGlobalSection
	GlobalSection(ProjectConfigurationPlatforms) = postSolution
		{B7765687-712B-45D4-A389-4864AC58E8F1}.Debug|Any CPU.ActiveCfg = Debug|Any CPU
		{B7765687-712B-45D4-A389-4864AC58E8F1}.Debug|Any CPU.Build.0 = Debug|Any CPU
		{B7765687-712B-45D4-A389-4864AC58E8F1}.Debug|x86.ActiveCfg = Debug|Any CPU
		{B7765687-712B-45D4-A389-4864AC58E8F1}.Debug|x86.Build.0 = Debug|Any CPU
		{B7765687-712B-45D4-A389-4864AC58E8F1}.Release|Any CPU.ActiveCfg = Release|Any CPU
		{B7765687-712B-45D4-A389-4864AC58E8F1}.Release|Any CPU.Build.0 = Release|Any CPU
		{B7765687-712B-45D4-A389-4864AC58E8F1}.Release|x86.ActiveCfg = Release|Any CPU
		{B7765687-712B-45D4-A389-4864AC58E8F1}.Release|x86.Build.0 = Release|Any CPU
		{9CEA619E-5E2D-491F-B13C-B436C6246982}.Debug|Any CPU.ActiveCfg = Debug|Any CPU
		{9CEA619E-5E2D-491F-B13C-B436C6246982}.Debug|Any CPU.Build.0 = Debug|Any CPU
		{9CEA619E-5E2D-491F-B13C-B436C6246982}.Debug|x86.ActiveCfg = Debug|Any CPU
		{9CEA619E-5E2D-491F-B13C-B436C6246982}.Debug|x86.Build.0 = Debug|Any CPU
		{9CEA619E-5E2D-491F-B13C-B436C6246982}.Release|Any CPU.ActiveCfg = Release|Any CPU
		{9CEA619E-5E2D-491F-B13C-B436C6246982}.Release|Any CPU.Build.0 = Release|Any CPU
		{9CEA619E-5E2D-491F-B13C-B436C6246982}.Release|x86.ActiveCfg = Release|Any CPU
		{9CEA619E-5E2D-491F-B13C-B436C6246982}.Release|x86.Build.0 = Release|Any CPU
		{4BA88026-2310-49AC-8CDA-4C5FB609EA09}.Debug|Any CPU.ActiveCfg = Debug|Any CPU
		{4BA88026-2310-49AC-8CDA-4C5FB609EA09}.Debug|Any CPU.Build.0 = Debug|Any CPU
		{4BA88026-2310-49AC-8CDA-4C5FB609EA09}.Debug|x86.ActiveCfg = Debug|x86
		{4BA88026-2310-49AC-8CDA-4C5FB609EA09}.Debug|x86.Build.0 = Debug|x86
		{4BA88026-2310-49AC-8CDA-4C5FB609EA09}.Release|Any CPU.ActiveCfg = Release|Any CPU
		{4BA88026-2310-49AC-8CDA-4C5FB609EA09}.Release|Any CPU.Build.0 = Release|Any CPU
		{4BA88026-2310-49AC-8CDA-4C5FB609EA09}.Release|x86.ActiveCfg = Release|x86
		{4BA88026-2310-49AC-8CDA-4C5FB609EA09}.Release|x86.Build.0 = Release|x86
	EndGlobalSection
	GlobalSection(SolutionProperties) = preSolution
		HideSolutionNode = FALSE
	EndGlobalSection
EndGlobal
